// !$*UTF8*$!
{
	archiveVersion = 1;
	classes = {
	};
	objectVersion = 46;
	objects = {

/* Begin PBXBuildFile section */
		AE4D15F22022D2E0008DC1D9 /* UIAlertControllerExtension.swift in Sources */ = {isa = PBXBuildFile; fileRef = AE4D15F12022D2E0008DC1D9 /* UIAlertControllerExtension.swift */; };
		AE878A2C1F8DBF43003B795C /* AppDelegate.swift in Sources */ = {isa = PBXBuildFile; fileRef = AE878A2B1F8DBF43003B795C /* AppDelegate.swift */; };
		AE878A2E1F8DBF43003B795C /* ViewController.swift in Sources */ = {isa = PBXBuildFile; fileRef = AE878A2D1F8DBF43003B795C /* ViewController.swift */; };
		AE878A311F8DBF43003B795C /* Main.storyboard in Resources */ = {isa = PBXBuildFile; fileRef = AE878A2F1F8DBF43003B795C /* Main.storyboard */; };
		AE878A331F8DBF43003B795C /* Assets.xcassets in Resources */ = {isa = PBXBuildFile; fileRef = AE878A321F8DBF43003B795C /* Assets.xcassets */; };
		AE878A361F8DBF43003B795C /* LaunchScreen.storyboard in Resources */ = {isa = PBXBuildFile; fileRef = AE878A341F8DBF43003B795C /* LaunchScreen.storyboard */; };
		AE8A406D1F8DCC98001F6C09 /* Benchmark.swift in Sources */ = {isa = PBXBuildFile; fileRef = AE8A406C1F8DCC98001F6C09 /* Benchmark.swift */; };
/* End PBXBuildFile section */

/* Begin PBXFileReference section */
		AE4D15F12022D2E0008DC1D9 /* UIAlertControllerExtension.swift */ = {isa = PBXFileReference; lastKnownFileType = sourcecode.swift; path = UIAlertControllerExtension.swift; sourceTree = "<group>"; };
		AE878A281F8DBF43003B795C /* WKWebView.app */ = {isa = PBXFileReference; explicitFileType = wrapper.application; includeInIndex = 0; path = WKWebView.app; sourceTree = BUILT_PRODUCTS_DIR; };
		AE878A2B1F8DBF43003B795C /* AppDelegate.swift */ = {isa = PBXFileReference; lastKnownFileType = sourcecode.swift; path = AppDelegate.swift; sourceTree = "<group>"; };
		AE878A2D1F8DBF43003B795C /* ViewController.swift */ = {isa = PBXFileReference; lastKnownFileType = sourcecode.swift; path = ViewController.swift; sourceTree = "<group>"; };
		AE878A301F8DBF43003B795C /* Base */ = {isa = PBXFileReference; lastKnownFileType = file.storyboard; name = Base; path = Base.lproj/Main.storyboard; sourceTree = "<group>"; };
		AE878A321F8DBF43003B795C /* Assets.xcassets */ = {isa = PBXFileReference; lastKnownFileType = folder.assetcatalog; path = Assets.xcassets; sourceTree = "<group>"; };
		AE878A351F8DBF43003B795C /* Base */ = {isa = PBXFileReference; lastKnownFileType = file.storyboard; name = Base; path = Base.lproj/LaunchScreen.storyboard; sourceTree = "<group>"; };
		AE878A371F8DBF43003B795C /* Info.plist */ = {isa = PBXFileReference; lastKnownFileType = text.plist.xml; path = Info.plist; sourceTree = "<group>"; };
		AE8A406C1F8DCC98001F6C09 /* Benchmark.swift */ = {isa = PBXFileReference; fileEncoding = 4; lastKnownFileType = sourcecode.swift; path = Benchmark.swift; sourceTree = "<group>"; };
/* End PBXFileReference section */

/* Begin PBXFrameworksBuildPhase section */
		AE878A251F8DBF43003B795C /* Frameworks */ = {
			isa = PBXFrameworksBuildPhase;
			buildActionMask = 2147483647;
			files = (
			);
			runOnlyForDeploymentPostprocessing = 0;
		};
/* End PBXFrameworksBuildPhase section */

/* Begin PBXGroup section */
		AE4D15EC2022D27D008DC1D9 /* Sources */ = {
			isa = PBXGroup;
			children = (
				AE4D15F02022D2BE008DC1D9 /* Utils */,
				AE4D15EF2022D2B8008DC1D9 /* Extensions */,
				AE4D15F32022D3D4008DC1D9 /* ViewControllers */,
				AE4D15EE2022D2AA008DC1D9 /* Storyboards */,
				AE878A2B1F8DBF43003B795C /* AppDelegate.swift */,
			);
			path = Sources;
			sourceTree = "<group>";
		};
		AE4D15ED2022D285008DC1D9 /* Resources */ = {
			isa = PBXGroup;
			children = (
				AE878A321F8DBF43003B795C /* Assets.xcassets */,
				AE878A371F8DBF43003B795C /* Info.plist */,
			);
			path = Resources;
			sourceTree = "<group>";
		};
		AE4D15EE2022D2AA008DC1D9 /* Storyboards */ = {
			isa = PBXGroup;
			children = (
				AE878A2F1F8DBF43003B795C /* Main.storyboard */,
				AE878A341F8DBF43003B795C /* LaunchScreen.storyboard */,
			);
			path = Storyboards;
			sourceTree = "<group>";
		};
		AE4D15EF2022D2B8008DC1D9 /* Extensions */ = {
			isa = PBXGroup;
			children = (
				AE4D15F12022D2E0008DC1D9 /* UIAlertControllerExtension.swift */,
			);
			path = Extensions;
			sourceTree = "<group>";
		};
		AE4D15F02022D2BE008DC1D9 /* Utils */ = {
			isa = PBXGroup;
			children = (
				AE8A406C1F8DCC98001F6C09 /* Benchmark.swift */,
			);
			path = Utils;
			sourceTree = "<group>";
		};
		AE4D15F32022D3D4008DC1D9 /* ViewControllers */ = {
			isa = PBXGroup;
			children = (
				AE878A2D1F8DBF43003B795C /* ViewController.swift */,
			);
			path = ViewControllers;
			sourceTree = "<group>";
		};
		AE878A1F1F8DBF43003B795C = {
			isa = PBXGroup;
			children = (
				AE878A2A1F8DBF43003B795C /* WKWebView */,
				AE878A291F8DBF43003B795C /* Products */,
			);
			sourceTree = "<group>";
		};
		AE878A291F8DBF43003B795C /* Products */ = {
			isa = PBXGroup;
			children = (
				AE878A281F8DBF43003B795C /* WKWebView.app */,
			);
			name = Products;
			sourceTree = "<group>";
		};
		AE878A2A1F8DBF43003B795C /* WKWebView */ = {
			isa = PBXGroup;
			children = (
				AE4D15ED2022D285008DC1D9 /* Resources */,
				AE4D15EC2022D27D008DC1D9 /* Sources */,
			);
			path = WKWebView;
			sourceTree = "<group>";
		};
/* End PBXGroup section */

/* Begin PBXNativeTarget section */
		AE878A271F8DBF43003B795C /* WKWebView */ = {
			isa = PBXNativeTarget;
			buildConfigurationList = AE878A3A1F8DBF43003B795C /* Build configuration list for PBXNativeTarget "WKWebView" */;
			buildPhases = (
				AE878A241F8DBF43003B795C /* Sources */,
				AE878A251F8DBF43003B795C /* Frameworks */,
				AE878A261F8DBF43003B795C /* Resources */,
			);
			buildRules = (
			);
			dependencies = (
			);
			name = WKWebView;
			productName = WKWebView;
			productReference = AE878A281F8DBF43003B795C /* WKWebView.app */;
			productType = "com.apple.product-type.application";
		};
/* End PBXNativeTarget section */

/* Begin PBXProject section */
		AE878A201F8DBF43003B795C /* Project object */ = {
			isa = PBXProject;
			attributes = {
				LastSwiftUpdateCheck = 0830;
				LastUpgradeCheck = 0900;
				ORGANIZATIONNAME = "Tsubasa Hayashi";
				TargetAttributes = {
					AE878A271F8DBF43003B795C = {
						CreatedOnToolsVersion = 8.3.3;
						LastSwiftMigration = 0900;
						ProvisioningStyle = Automatic;
					};
				};
			};
			buildConfigurationList = AE878A231F8DBF43003B795C /* Build configuration list for PBXProject "WKWebView" */;
			compatibilityVersion = "Xcode 3.2";
			developmentRegion = English;
			hasScannedForEncodings = 0;
			knownRegions = (
				en,
				Base,
			);
			mainGroup = AE878A1F1F8DBF43003B795C;
			productRefGroup = AE878A291F8DBF43003B795C /* Products */;
			projectDirPath = "";
			projectRoot = "";
			targets = (
				AE878A271F8DBF43003B795C /* WKWebView */,
			);
		};
/* End PBXProject section */

/* Begin PBXResourcesBuildPhase section */
		AE878A261F8DBF43003B795C /* Resources */ = {
			isa = PBXResourcesBuildPhase;
			buildActionMask = 2147483647;
			files = (
				AE878A361F8DBF43003B795C /* LaunchScreen.storyboard in Resources */,
				AE878A331F8DBF43003B795C /* Assets.xcassets in Resources */,
				AE878A311F8DBF43003B795C /* Main.storyboard in Resources */,
			);
			runOnlyForDeploymentPostprocessing = 0;
		};
/* End PBXResourcesBuildPhase section */

/* Begin PBXSourcesBuildPhase section */
		AE878A241F8DBF43003B795C /* Sources */ = {
			isa = PBXSourcesBuildPhase;
			buildActionMask = 2147483647;
			files = (
				AE4D15F22022D2E0008DC1D9 /* UIAlertControllerExtension.swift in Sources */,
				AE878A2E1F8DBF43003B795C /* ViewController.swift in Sources */,
				AE8A406D1F8DCC98001F6C09 /* Benchmark.swift in Sources */,
				AE878A2C1F8DBF43003B795C /* AppDelegate.swift in Sources */,
			);
			runOnlyForDeploymentPostprocessing = 0;
		};
/* End PBXSourcesBuildPhase section */

/* Begin PBXVariantGroup section */
		AE878A2F1F8DBF43003B795C /* Main.storyboard */ = {
			isa = PBXVariantGroup;
			children = (
				AE878A301F8DBF43003B795C /* Base */,
			);
			name = Main.storyboard;
			sourceTree = "<group>";
		};
		AE878A341F8DBF43003B795C /* LaunchScreen.storyboard */ = {
			isa = PBXVariantGroup;
			children = (
				AE878A351F8DBF43003B795C /* Base */,
			);
			name = LaunchScreen.storyboard;
			sourceTree = "<group>";
		};
/* End PBXVariantGroup section */

/* Begin XCBuildConfiguration section */
		AE878A381F8DBF43003B795C /* Debug */ = {
			isa = XCBuildConfiguration;
			buildSettings = {
				ALWAYS_SEARCH_USER_PATHS = NO;
				CLANG_ANALYZER_NONNULL = YES;
				CLANG_ANALYZER_NUMBER_OBJECT_CONVERSION = YES_AGGRESSIVE;
				CLANG_CXX_LANGUAGE_STANDARD = "gnu++0x";
				CLANG_CXX_LIBRARY = "libc++";
				CLANG_ENABLE_MODULES = YES;
				CLANG_ENABLE_OBJC_ARC = YES;
				CLANG_WARN_BLOCK_CAPTURE_AUTORELEASING = YES;
				CLANG_WARN_BOOL_CONVERSION = YES;
				CLANG_WARN_COMMA = YES;
				CLANG_WARN_CONSTANT_CONVERSION = YES;
				CLANG_WARN_DIRECT_OBJC_ISA_USAGE = YES_ERROR;
				CLANG_WARN_DOCUMENTATION_COMMENTS = YES;
				CLANG_WARN_EMPTY_BODY = YES;
				CLANG_WARN_ENUM_CONVERSION = YES;
				CLANG_WARN_INFINITE_RECURSION = YES;
				CLANG_WARN_INT_CONVERSION = YES;
				CLANG_WARN_NON_LITERAL_NULL_CONVERSION = YES;
				CLANG_WARN_OBJC_LITERAL_CONVERSION = YES;
				CLANG_WARN_OBJC_ROOT_CLASS = YES_ERROR;
				CLANG_WARN_RANGE_LOOP_ANALYSIS = YES;
				CLANG_WARN_STRICT_PROTOTYPES = YES;
				CLANG_WARN_SUSPICIOUS_MOVE = YES;
				CLANG_WARN_UNREACHABLE_CODE = YES;
				CLANG_WARN__DUPLICATE_METHOD_MATCH = YES;
				"CODE_SIGN_IDENTITY[sdk=iphoneos*]" = "iPhone Developer";
				COPY_PHASE_STRIP = NO;
				DEBUG_INFORMATION_FORMAT = dwarf;
				ENABLE_STRICT_OBJC_MSGSEND = YES;
				ENABLE_TESTABILITY = YES;
				GCC_C_LANGUAGE_STANDARD = gnu99;
				GCC_DYNAMIC_NO_PIC = NO;
				GCC_NO_COMMON_BLOCKS = YES;
				GCC_OPTIMIZATION_LEVEL = 0;
				GCC_PREPROCESSOR_DEFINITIONS = (
					"DEBUG=1",
					"$(inherited)",
				);
				GCC_WARN_64_TO_32_BIT_CONVERSION = YES;
				GCC_WARN_ABOUT_RETURN_TYPE = YES_ERROR;
				GCC_WARN_UNDECLARED_SELECTOR = YES;
				GCC_WARN_UNINITIALIZED_AUTOS = YES_AGGRESSIVE;
				GCC_WARN_UNUSED_FUNCTION = YES;
				GCC_WARN_UNUSED_VARIABLE = YES;
				IPHONEOS_DEPLOYMENT_TARGET = 10.3;
				MTL_ENABLE_DEBUG_INFO = YES;
				ONLY_ACTIVE_ARCH = YES;
				SDKROOT = iphoneos;
				SWIFT_ACTIVE_COMPILATION_CONDITIONS = DEBUG;
				SWIFT_OPTIMIZATION_LEVEL = "-Onone";
				TARGETED_DEVICE_FAMILY = "1,2";
			};
			name = Debug;
		};
		AE878A391F8DBF43003B795C /* Release */ = {
			isa = XCBuildConfiguration;
			buildSettings = {
				ALWAYS_SEARCH_USER_PATHS = NO;
				CLANG_ANALYZER_NONNULL = YES;
				CLANG_ANALYZER_NUMBER_OBJECT_CONVERSION = YES_AGGRESSIVE;
				CLANG_CXX_LANGUAGE_STANDARD = "gnu++0x";
				CLANG_CXX_LIBRARY = "libc++";
				CLANG_ENABLE_MODULES = YES;
				CLANG_ENABLE_OBJC_ARC = YES;
				CLANG_WARN_BLOCK_CAPTURE_AUTORELEASING = YES;
				CLANG_WARN_BOOL_CONVERSION = YES;
				CLANG_WARN_COMMA = YES;
				CLANG_WARN_CONSTANT_CONVERSION = YES;
				CLANG_WARN_DIRECT_OBJC_ISA_USAGE = YES_ERROR;
				CLANG_WARN_DOCUMENTATION_COMMENTS = YES;
				CLANG_WARN_EMPTY_BODY = YES;
				CLANG_WARN_ENUM_CONVERSION = YES;
				CLANG_WARN_INFINITE_RECURSION = YES;
				CLANG_WARN_INT_CONVERSION = YES;
				CLANG_WARN_NON_LITERAL_NULL_CONVERSION = YES;
				CLANG_WARN_OBJC_LITERAL_CONVERSION = YES;
				CLANG_WARN_OBJC_ROOT_CLASS = YES_ERROR;
				CLANG_WARN_RANGE_LOOP_ANALYSIS = YES;
				CLANG_WARN_STRICT_PROTOTYPES = YES;
				CLANG_WARN_SUSPICIOUS_MOVE = YES;
				CLANG_WARN_UNREACHABLE_CODE = YES;
				CLANG_WARN__DUPLICATE_METHOD_MATCH = YES;
				"CODE_SIGN_IDENTITY[sdk=iphoneos*]" = "iPhone Developer";
				COPY_PHASE_STRIP = NO;
				DEBUG_INFORMATION_FORMAT = "dwarf-with-dsym";
				ENABLE_NS_ASSERTIONS = NO;
				ENABLE_STRICT_OBJC_MSGSEND = YES;
				GCC_C_LANGUAGE_STANDARD = gnu99;
				GCC_NO_COMMON_BLOCKS = YES;
				GCC_WARN_64_TO_32_BIT_CONVERSION = YES;
				GCC_WARN_ABOUT_RETURN_TYPE = YES_ERROR;
				GCC_WARN_UNDECLARED_SELECTOR = YES;
				GCC_WARN_UNINITIALIZED_AUTOS = YES_AGGRESSIVE;
				GCC_WARN_UNUSED_FUNCTION = YES;
				GCC_WARN_UNUSED_VARIABLE = YES;
				IPHONEOS_DEPLOYMENT_TARGET = 10.3;
				MTL_ENABLE_DEBUG_INFO = NO;
				SDKROOT = iphoneos;
				SWIFT_OPTIMIZATION_LEVEL = "-Owholemodule";
				TARGETED_DEVICE_FAMILY = "1,2";
				VALIDATE_PRODUCT = YES;
			};
			name = Release;
		};
		AE878A3B1F8DBF43003B795C /* Debug */ = {
			isa = XCBuildConfiguration;
			buildSettings = {
				ASSETCATALOG_COMPILER_APPICON_NAME = AppIcon;
				INFOPLIST_FILE = "$(SRCROOT)/WKWebView/Resources/Info.plist";
				LD_RUNPATH_SEARCH_PATHS = "$(inherited) @executable_path/Frameworks";
				PRODUCT_BUNDLE_IDENTIFIER = com.yokurin.WKWebView;
				PRODUCT_NAME = "$(TARGET_NAME)";
				SWIFT_SWIFT3_OBJC_INFERENCE = Default;
				SWIFT_VERSION = 4.0;
			};
			name = Debug;
		};
		AE878A3C1F8DBF43003B795C /* Release */ = {
			isa = XCBuildConfiguration;
			buildSettings = {
				ASSETCATALOG_COMPILER_APPICON_NAME = AppIcon;
				INFOPLIST_FILE = "$(SRCROOT)/WKWebView/Resources/Info.plist";
				LD_RUNPATH_SEARCH_PATHS = "$(inherited) @executable_path/Frameworks";
				PRODUCT_BUNDLE_IDENTIFIER = com.yokurin.WKWebView;
				PRODUCT_NAME = "$(TARGET_NAME)";
				SWIFT_SWIFT3_OBJC_INFERENCE = Default;
				SWIFT_VERSION = 4.0;
			};
			name = Release;
		};
/* End XCBuildConfiguration section */

/* Begin XCConfigurationList section */
		AE878A231F8DBF43003B795C /* Build configuration list for PBXProject "WKWebView" */ = {
			isa = XCConfigurationList;
			buildConfigurations = (
				AE878A381F8DBF43003B795C /* Debug */,
				AE878A391F8DBF43003B795C /* Release */,
			);
			defaultConfigurationIsVisible = 0;
			defaultConfigurationName = Release;
		};
		AE878A3A1F8DBF43003B795C /* Build configuration list for PBXNativeTarget "WKWebView" */ = {
			isa = XCConfigurationList;
			buildConfigurations = (
				AE878A3B1F8DBF43003B795C /* Debug */,
				AE878A3C1F8DBF43003B795C /* Release */,
			);
			defaultConfigurationIsVisible = 0;
			defaultConfigurationName = Release;
		};
/* End XCConfigurationList section */
	};
	rootObject = AE878A201F8DBF43003B795C /* Project object */;
}
